{
  "version": 4,
  "terraform_version": "1.6.6",
  "serial": 67,
  "lineage": "d079432c-386c-df12-4626-1deb357c1914",
  "outputs": {},
  "resources": [
    {
      "mode": "managed",
      "type": "aws_internet_gateway",
      "name": "identity_plus_igw",
      "provider": "provider[\"registry.terraform.io/hashicorp/aws\"]",
      "instances": [
        {
          "schema_version": 0,
          "attributes": {
            "arn": "arn:aws:ec2:us-east-1:905418106762:internet-gateway/igw-0fa5169e08f5461db",
            "id": "igw-0fa5169e08f5461db",
            "owner_id": "905418106762",
            "tags": {
              "Environment": "dev",
              "Name": "Identity Plus IGW",
              "Project": "Identity-Plus-POC"
            },
            "tags_all": {
              "Environment": "dev",
              "Name": "Identity Plus IGW",
              "Project": "Identity-Plus-POC"
            },
            "timeouts": null,
            "vpc_id": "vpc-0abf426453b84fc69"
          },
          "sensitive_attributes": [],
          "private": "eyJlMmJmYjczMC1lY2FhLTExZTYtOGY4OC0zNDM2M2JjN2M0YzAiOnsiY3JlYXRlIjoxMjAwMDAwMDAwMDAwLCJkZWxldGUiOjEyMDAwMDAwMDAwMDAsInVwZGF0ZSI6MTIwMDAwMDAwMDAwMH19",
          "dependencies": [
            "aws_vpc.identity-plus-vpc"
          ]
        }
      ]
    },
    {
      "mode": "managed",
      "type": "aws_route_table",
      "name": "identity_plus_rt",
      "provider": "provider[\"registry.terraform.io/hashicorp/aws\"]",
      "instances": [
        {
          "schema_version": 0,
          "attributes": {
            "arn": "arn:aws:ec2:us-east-1:905418106762:route-table/rtb-0622d85806189866e",
            "id": "rtb-0622d85806189866e",
            "owner_id": "905418106762",
            "propagating_vgws": [],
            "route": [
              {
                "carrier_gateway_id": "",
                "cidr_block": "0.0.0.0/0",
                "core_network_arn": "",
                "destination_prefix_list_id": "",
                "egress_only_gateway_id": "",
                "gateway_id": "igw-0fa5169e08f5461db",
                "ipv6_cidr_block": "",
                "local_gateway_id": "",
                "nat_gateway_id": "",
                "network_interface_id": "",
                "transit_gateway_id": "",
                "vpc_endpoint_id": "",
                "vpc_peering_connection_id": ""
              }
            ],
            "tags": {
              "Environment": "dev",
              "Name": "Identity Plus route table",
              "Project": "Identity-Plus-POC"
            },
            "tags_all": {
              "Environment": "dev",
              "Name": "Identity Plus route table",
              "Project": "Identity-Plus-POC"
            },
            "timeouts": null,
            "vpc_id": "vpc-0abf426453b84fc69"
          },
          "sensitive_attributes": [],
          "private": "eyJlMmJmYjczMC1lY2FhLTExZTYtOGY4OC0zNDM2M2JjN2M0YzAiOnsiY3JlYXRlIjozMDAwMDAwMDAwMDAsImRlbGV0ZSI6MzAwMDAwMDAwMDAwLCJ1cGRhdGUiOjEyMDAwMDAwMDAwMH19",
          "dependencies": [
            "aws_internet_gateway.identity_plus_igw",
            "aws_vpc.identity-plus-vpc"
          ]
        }
      ]
    },
    {
      "mode": "managed",
      "type": "aws_vpc",
      "name": "identity-plus-vpc",
      "provider": "provider[\"registry.terraform.io/hashicorp/aws\"]",
      "instances": [
        {
          "schema_version": 1,
          "attributes": {
            "arn": "arn:aws:ec2:us-east-1:905418106762:vpc/vpc-0abf426453b84fc69",
            "assign_generated_ipv6_cidr_block": false,
            "cidr_block": "10.0.0.0/16",
            "default_network_acl_id": "acl-0bf2be0babe69ed98",
            "default_route_table_id": "rtb-0622d85806189866e",
            "default_security_group_id": "sg-0cb1f0c8a3f4e92be",
            "dhcp_options_id": "dopt-00f065c2f76c981b9",
            "enable_dns_hostnames": false,
            "enable_dns_support": true,
            "enable_network_address_usage_metrics": false,
            "id": "vpc-0abf426453b84fc69",
            "instance_tenancy": "default",
            "ipv4_ipam_pool_id": null,
            "ipv4_netmask_length": null,
            "ipv6_association_id": "",
            "ipv6_cidr_block": "",
            "ipv6_cidr_block_network_border_group": "",
            "ipv6_ipam_pool_id": "",
            "ipv6_netmask_length": 0,
            "main_route_table_id": "rtb-0622d85806189866e",
            "owner_id": "905418106762",
            "tags": {
              "Environment": "dev",
              "Name": "Identity Plus VPC",
              "Project": "Identity-Plus-POC"
            },
            "tags_all": {
              "Environment": "dev",
              "Name": "Identity Plus VPC",
              "Project": "Identity-Plus-POC"
            }
          },
          "sensitive_attributes": [],
          "private": "eyJzY2hlbWFfdmVyc2lvbiI6IjEifQ=="
        }
      ]
    }
  ],
  "check_results": null
}
